Microsoft Visual Studio Solution File, Format Version 12.00
# Visual Studio Version 17
VisualStudioVersion = 17.13.35919.96
MinimumVisualStudioVersion = 10.0.40219.1
Project("{FAE04EC0-301F-11D3-BF4B-00C04F79EFBC}") = "KUtilitiesCore", "KUtilitiesCore\KUtilitiesCore.csproj", "{43629BEB-76D4-4367-B4FD-93760B193F2C}"
EndProject
Project("{FAE04EC0-301F-11D3-BF4B-00C04F79EFBC}") = "KUtilitiesCoreTests", "KUtilitiesCoreTests\KUtilitiesCoreTests.csproj", "{EEC1475E-4071-4F95-8021-732692813849}"
EndProject
Project("{2150E333-8FDC-42A3-9474-1A3956D46DE8}") = "Tests", "Tests", "{02EA681E-C7D8-13C7-8484-4AC65E1B71E8}"
EndProject
Project("{FAE04EC0-301F-11D3-BF4B-00C04F79EFBC}") = "KUtilitiesCore.MVVM", "KUtilitiesCore.MVVM\KUtilitiesCore.MVVM.csproj", "{1D03F743-47E6-49F4-9E27-64E848886DC2}"
EndProject
Project("{FAE04EC0-301F-11D3-BF4B-00C04F79EFBC}") = "KUtilitiesCore.MVVMTests", "KUtilitiesCore.MVVMTests\KUtilitiesCore.MVVMTests.csproj", "{42729E06-FFB1-4121-8CC7-EBC57AA3C616}"
EndProject
Project("{FAE04EC0-301F-11D3-BF4B-00C04F79EFBC}") = "KUtilitiesCore.DataAccess", "KUtilitiesCore.DataAccess\KUtilitiesCore.DataAccess.csproj", "{1DF9E7D3-1E87-40FF-B6F4-2CD798ED553A}"
EndProject
Global
	GlobalSection(SolutionConfigurationPlatforms) = preSolution
		Debug|Any CPU = Debug|Any CPU
		Release|Any CPU = Release|Any CPU
	EndGlobalSection
	GlobalSection(ProjectConfigurationPlatforms) = postSolution
		{43629BEB-76D4-4367-B4FD-93760B193F2C}.Debug|Any CPU.ActiveCfg = Debug|Any CPU
		{43629BEB-76D4-4367-B4FD-93760B193F2C}.Debug|Any CPU.Build.0 = Debug|Any CPU
		{43629BEB-76D4-4367-B4FD-93760B193F2C}.Release|Any CPU.ActiveCfg = Release|Any CPU
		{43629BEB-76D4-4367-B4FD-93760B193F2C}.Release|Any CPU.Build.0 = Release|Any CPU
		{EEC1475E-4071-4F95-8021-732692813849}.Debug|Any CPU.ActiveCfg = Debug|Any CPU
		{EEC1475E-4071-4F95-8021-732692813849}.Debug|Any CPU.Build.0 = Debug|Any CPU
		{EEC1475E-4071-4F95-8021-732692813849}.Release|Any CPU.ActiveCfg = Release|Any CPU
		{EEC1475E-4071-4F95-8021-732692813849}.Release|Any CPU.Build.0 = Release|Any CPU
		{1D03F743-47E6-49F4-9E27-64E848886DC2}.Debug|Any CPU.ActiveCfg = Debug|Any CPU
		{1D03F743-47E6-49F4-9E27-64E848886DC2}.Debug|Any CPU.Build.0 = Debug|Any CPU
		{1D03F743-47E6-49F4-9E27-64E848886DC2}.Release|Any CPU.ActiveCfg = Release|Any CPU
		{1D03F743-47E6-49F4-9E27-64E848886DC2}.Release|Any CPU.Build.0 = Release|Any CPU
		{42729E06-FFB1-4121-8CC7-EBC57AA3C616}.Debug|Any CPU.ActiveCfg = Debug|Any CPU
		{42729E06-FFB1-4121-8CC7-EBC57AA3C616}.Debug|Any CPU.Build.0 = Debug|Any CPU
		{42729E06-FFB1-4121-8CC7-EBC57AA3C616}.Release|Any CPU.ActiveCfg = Release|Any CPU
		{42729E06-FFB1-4121-8CC7-EBC57AA3C616}.Release|Any CPU.Build.0 = Release|Any CPU
		{1DF9E7D3-1E87-40FF-B6F4-2CD798ED553A}.Debug|Any CPU.ActiveCfg = Debug|Any CPU
		{1DF9E7D3-1E87-40FF-B6F4-2CD798ED553A}.Debug|Any CPU.Build.0 = Debug|Any CPU
		{1DF9E7D3-1E87-40FF-B6F4-2CD798ED553A}.Release|Any CPU.ActiveCfg = Release|Any CPU
		{1DF9E7D3-1E87-40FF-B6F4-2CD798ED553A}.Release|Any CPU.Build.0 = Release|Any CPU
	EndGlobalSection
	GlobalSection(SolutionProperties) = preSolution
		HideSolutionNode = FALSE
	EndGlobalSection
	GlobalSection(NestedProjects) = preSolution
		{EEC1475E-4071-4F95-8021-732692813849} = {02EA681E-C7D8-13C7-8484-4AC65E1B71E8}
		{42729E06-FFB1-4121-8CC7-EBC57AA3C616} = {02EA681E-C7D8-13C7-8484-4AC65E1B71E8}
	EndGlobalSection
	GlobalSection(ExtensibilityGlobals) = postSolution
		SolutionGuid = {ABBF050F-7E9C-442B-B90F-35E0EF3EC12D}
	EndGlobalSection
EndGlobal
