Microsoft Visual Studio Solution File, Format Version 12.00
# Visual Studio Version 17
VisualStudioVersion = 17.13.35919.96
MinimumVisualStudioVersion = 10.0.40219.1
Project("{FAE04EC0-301F-11D3-BF4B-00C04F79EFBC}") = "KUtilitiesCore", "KUtilitiesCore\KUtilitiesCore.csproj", "{43629BEB-76D4-4367-B4FD-93760B193F2C}"
EndProject
Project("{FAE04EC0-301F-11D3-BF4B-00C04F79EFBC}") = "KUtilitiesCoreTests", "KUtilitiesCoreTests\KUtilitiesCoreTests.csproj", "{EEC1475E-4071-4F95-8021-732692813849}"
EndProject
Project("{2150E333-8FDC-42A3-9474-1A3956D46DE8}") = "Tests", "Tests", "{02EA681E-C7D8-13C7-8484-4AC65E1B71E8}"
EndProject
Project("{FAE04EC0-301F-11D3-BF4B-00C04F79EFBC}") = "KUtilitiesCore.MVVM", "KUtilitiesCore.MVVM\KUtilitiesCore.MVVM.csproj", "{1D03F743-47E6-49F4-9E27-64E848886DC2}"
EndProject
Project("{FAE04EC0-301F-11D3-BF4B-00C04F79EFBC}") = "KUtilitiesCore.MVVMTests", "KUtilitiesCore.MVVMTests\KUtilitiesCore.MVVMTests.csproj", "{42729E06-FFB1-4121-8CC7-EBC57AA3C616}"
EndProject
Project("{FAE04EC0-301F-11D3-BF4B-00C04F79EFBC}") = "KUtilitiesCore.DataAccessTests", "KUtilitiesCore.DataAccessTests\KUtilitiesCore.DataAccessTests.csproj", "{57D90377-8BCE-40CD-A29D-6661B84C9C63}"
EndProject
Project("{FAE04EC0-301F-11D3-BF4B-00C04F79EFBC}") = "KUtilitiesCore.Logger", "KUtilities.Logger\KUtilitiesCore.Logger.csproj", "{FE7CA6BF-FCE1-41C9-B49F-56EA1531E0F3}"
EndProject
Project("{FAE04EC0-301F-11D3-BF4B-00C04F79EFBC}") = "KUtilitiesCore.Encryption", "KUtiitiesCore.Encryption\KUtilitiesCore.Encryption.csproj", "{50248B29-52F7-4916-B11A-570B8B22E980}"
EndProject
Project("{FAE04EC0-301F-11D3-BF4B-00C04F79EFBC}") = "KUtilitiesCore.GitHubUpdater", "KUtilitiesCore.GitHubUpdater\KUtilitiesCore.GitHubUpdater.csproj", "{5F47C0A0-4354-407C-A8CE-D07CCBCB32BB}"
EndProject
Project("{FAE04EC0-301F-11D3-BF4B-00C04F79EFBC}") = "KUtilitiesCore.GitHubUpdaterTests", "KUtilitiesCore.GitHubUpdaterTests\KUtilitiesCore.GitHubUpdaterTests.csproj", "{AD52E299-EA0F-4D3A-8353-61D71D882620}"
EndProject
Project("{FAE04EC0-301F-11D3-BF4B-00C04F79EFBC}") = "KUtilitiesCore.LoggerTests", "KUtilitiesCore.LoggerTests\KUtilitiesCore.LoggerTests.csproj", "{8714C780-5072-4091-A5A3-EAF80013ACD1}"
EndProject
Project("{FAE04EC0-301F-11D3-BF4B-00C04F79EFBC}") = "KUtilitiesCore.MVVM.Messaging", "KUtilitiesCore.MVVM.Messaging\KUtilitiesCore.MVVM.Messaging.csproj", "{33599D10-41D1-4E6D-894E-ECF069BE978F}"
EndProject
Project("{FAE04EC0-301F-11D3-BF4B-00C04F79EFBC}") = "KUtilitiesCore.Dal", "KUtilitiesCore.Dal\KUtilitiesCore.Dal.csproj", "{B2D78A74-65B7-4F26-A24C-617090F88899}"
EndProject
Project("{FAE04EC0-301F-11D3-BF4B-00C04F79EFBC}") = "KUtilitiesCore.Data", "KUtilitiesCore.Data\KUtilitiesCore.Data.csproj", "{A12DAD2F-A905-420B-B761-77B8ADFC1D7D}"
EndProject
Project("{FAE04EC0-301F-11D3-BF4B-00C04F79EFBC}") = "KUtilitiesCore.DataTests", "KUtilitiesCore.DataTests\KUtilitiesCore.DataTests.csproj", "{9793BD05-5D5F-44BD-94B3-CC27FA1380EA}"
EndProject
Project("{FAE04EC0-301F-11D3-BF4B-00C04F79EFBC}") = "KUtilitiesCore.Data.Win", "KUtilitiesCore.Data.Win\KUtilitiesCore.Data.Win.csproj", "{02F80A07-2721-4691-BE24-297831197A43}"
EndProject
Global
	GlobalSection(SolutionConfigurationPlatforms) = preSolution
		Debug|Any CPU = Debug|Any CPU
		Release|Any CPU = Release|Any CPU
	EndGlobalSection
	GlobalSection(ProjectConfigurationPlatforms) = postSolution
		{43629BEB-76D4-4367-B4FD-93760B193F2C}.Debug|Any CPU.ActiveCfg = Debug|Any CPU
		{43629BEB-76D4-4367-B4FD-93760B193F2C}.Debug|Any CPU.Build.0 = Debug|Any CPU
		{43629BEB-76D4-4367-B4FD-93760B193F2C}.Release|Any CPU.ActiveCfg = Release|Any CPU
		{43629BEB-76D4-4367-B4FD-93760B193F2C}.Release|Any CPU.Build.0 = Release|Any CPU
		{EEC1475E-4071-4F95-8021-732692813849}.Debug|Any CPU.ActiveCfg = Debug|Any CPU
		{EEC1475E-4071-4F95-8021-732692813849}.Debug|Any CPU.Build.0 = Debug|Any CPU
		{EEC1475E-4071-4F95-8021-732692813849}.Release|Any CPU.ActiveCfg = Release|Any CPU
		{EEC1475E-4071-4F95-8021-732692813849}.Release|Any CPU.Build.0 = Release|Any CPU
		{1D03F743-47E6-49F4-9E27-64E848886DC2}.Debug|Any CPU.ActiveCfg = Debug|Any CPU
		{1D03F743-47E6-49F4-9E27-64E848886DC2}.Debug|Any CPU.Build.0 = Debug|Any CPU
		{1D03F743-47E6-49F4-9E27-64E848886DC2}.Release|Any CPU.ActiveCfg = Release|Any CPU
		{1D03F743-47E6-49F4-9E27-64E848886DC2}.Release|Any CPU.Build.0 = Release|Any CPU
		{42729E06-FFB1-4121-8CC7-EBC57AA3C616}.Debug|Any CPU.ActiveCfg = Debug|Any CPU
		{42729E06-FFB1-4121-8CC7-EBC57AA3C616}.Debug|Any CPU.Build.0 = Debug|Any CPU
		{42729E06-FFB1-4121-8CC7-EBC57AA3C616}.Release|Any CPU.ActiveCfg = Release|Any CPU
		{42729E06-FFB1-4121-8CC7-EBC57AA3C616}.Release|Any CPU.Build.0 = Release|Any CPU
		{57D90377-8BCE-40CD-A29D-6661B84C9C63}.Debug|Any CPU.ActiveCfg = Debug|Any CPU
		{57D90377-8BCE-40CD-A29D-6661B84C9C63}.Debug|Any CPU.Build.0 = Debug|Any CPU
		{57D90377-8BCE-40CD-A29D-6661B84C9C63}.Release|Any CPU.ActiveCfg = Release|Any CPU
		{57D90377-8BCE-40CD-A29D-6661B84C9C63}.Release|Any CPU.Build.0 = Release|Any CPU
		{FE7CA6BF-FCE1-41C9-B49F-56EA1531E0F3}.Debug|Any CPU.ActiveCfg = Debug|Any CPU
		{FE7CA6BF-FCE1-41C9-B49F-56EA1531E0F3}.Debug|Any CPU.Build.0 = Debug|Any CPU
		{FE7CA6BF-FCE1-41C9-B49F-56EA1531E0F3}.Release|Any CPU.ActiveCfg = Release|Any CPU
		{FE7CA6BF-FCE1-41C9-B49F-56EA1531E0F3}.Release|Any CPU.Build.0 = Release|Any CPU
		{50248B29-52F7-4916-B11A-570B8B22E980}.Debug|Any CPU.ActiveCfg = Debug|Any CPU
		{50248B29-52F7-4916-B11A-570B8B22E980}.Debug|Any CPU.Build.0 = Debug|Any CPU
		{50248B29-52F7-4916-B11A-570B8B22E980}.Release|Any CPU.ActiveCfg = Release|Any CPU
		{50248B29-52F7-4916-B11A-570B8B22E980}.Release|Any CPU.Build.0 = Release|Any CPU
		{5F47C0A0-4354-407C-A8CE-D07CCBCB32BB}.Debug|Any CPU.ActiveCfg = Debug|Any CPU
		{5F47C0A0-4354-407C-A8CE-D07CCBCB32BB}.Debug|Any CPU.Build.0 = Debug|Any CPU
		{5F47C0A0-4354-407C-A8CE-D07CCBCB32BB}.Release|Any CPU.ActiveCfg = Release|Any CPU
		{5F47C0A0-4354-407C-A8CE-D07CCBCB32BB}.Release|Any CPU.Build.0 = Release|Any CPU
		{AD52E299-EA0F-4D3A-8353-61D71D882620}.Debug|Any CPU.ActiveCfg = Debug|Any CPU
		{AD52E299-EA0F-4D3A-8353-61D71D882620}.Debug|Any CPU.Build.0 = Debug|Any CPU
		{AD52E299-EA0F-4D3A-8353-61D71D882620}.Release|Any CPU.ActiveCfg = Release|Any CPU
		{AD52E299-EA0F-4D3A-8353-61D71D882620}.Release|Any CPU.Build.0 = Release|Any CPU
		{8714C780-5072-4091-A5A3-EAF80013ACD1}.Debug|Any CPU.ActiveCfg = Debug|Any CPU
		{8714C780-5072-4091-A5A3-EAF80013ACD1}.Debug|Any CPU.Build.0 = Debug|Any CPU
		{8714C780-5072-4091-A5A3-EAF80013ACD1}.Release|Any CPU.ActiveCfg = Release|Any CPU
		{8714C780-5072-4091-A5A3-EAF80013ACD1}.Release|Any CPU.Build.0 = Release|Any CPU
		{33599D10-41D1-4E6D-894E-ECF069BE978F}.Debug|Any CPU.ActiveCfg = Debug|Any CPU
		{33599D10-41D1-4E6D-894E-ECF069BE978F}.Debug|Any CPU.Build.0 = Debug|Any CPU
		{33599D10-41D1-4E6D-894E-ECF069BE978F}.Release|Any CPU.ActiveCfg = Release|Any CPU
		{33599D10-41D1-4E6D-894E-ECF069BE978F}.Release|Any CPU.Build.0 = Release|Any CPU
		{B2D78A74-65B7-4F26-A24C-617090F88899}.Debug|Any CPU.ActiveCfg = Debug|Any CPU
		{B2D78A74-65B7-4F26-A24C-617090F88899}.Debug|Any CPU.Build.0 = Debug|Any CPU
		{B2D78A74-65B7-4F26-A24C-617090F88899}.Release|Any CPU.ActiveCfg = Release|Any CPU
		{B2D78A74-65B7-4F26-A24C-617090F88899}.Release|Any CPU.Build.0 = Release|Any CPU
		{A12DAD2F-A905-420B-B761-77B8ADFC1D7D}.Debug|Any CPU.ActiveCfg = Debug|Any CPU
		{A12DAD2F-A905-420B-B761-77B8ADFC1D7D}.Debug|Any CPU.Build.0 = Debug|Any CPU
		{A12DAD2F-A905-420B-B761-77B8ADFC1D7D}.Release|Any CPU.ActiveCfg = Release|Any CPU
		{A12DAD2F-A905-420B-B761-77B8ADFC1D7D}.Release|Any CPU.Build.0 = Release|Any CPU
		{9793BD05-5D5F-44BD-94B3-CC27FA1380EA}.Debug|Any CPU.ActiveCfg = Debug|Any CPU
		{9793BD05-5D5F-44BD-94B3-CC27FA1380EA}.Debug|Any CPU.Build.0 = Debug|Any CPU
		{9793BD05-5D5F-44BD-94B3-CC27FA1380EA}.Release|Any CPU.ActiveCfg = Release|Any CPU
		{9793BD05-5D5F-44BD-94B3-CC27FA1380EA}.Release|Any CPU.Build.0 = Release|Any CPU
		{02F80A07-2721-4691-BE24-297831197A43}.Debug|Any CPU.ActiveCfg = Debug|Any CPU
		{02F80A07-2721-4691-BE24-297831197A43}.Debug|Any CPU.Build.0 = Debug|Any CPU
		{02F80A07-2721-4691-BE24-297831197A43}.Release|Any CPU.ActiveCfg = Release|Any CPU
		{02F80A07-2721-4691-BE24-297831197A43}.Release|Any CPU.Build.0 = Release|Any CPU
	EndGlobalSection
	GlobalSection(SolutionProperties) = preSolution
		HideSolutionNode = FALSE
	EndGlobalSection
	GlobalSection(NestedProjects) = preSolution
		{EEC1475E-4071-4F95-8021-732692813849} = {02EA681E-C7D8-13C7-8484-4AC65E1B71E8}
		{42729E06-FFB1-4121-8CC7-EBC57AA3C616} = {02EA681E-C7D8-13C7-8484-4AC65E1B71E8}
		{57D90377-8BCE-40CD-A29D-6661B84C9C63} = {02EA681E-C7D8-13C7-8484-4AC65E1B71E8}
		{AD52E299-EA0F-4D3A-8353-61D71D882620} = {02EA681E-C7D8-13C7-8484-4AC65E1B71E8}
		{8714C780-5072-4091-A5A3-EAF80013ACD1} = {02EA681E-C7D8-13C7-8484-4AC65E1B71E8}
		{9793BD05-5D5F-44BD-94B3-CC27FA1380EA} = {02EA681E-C7D8-13C7-8484-4AC65E1B71E8}
	EndGlobalSection
	GlobalSection(ExtensibilityGlobals) = postSolution
		SolutionGuid = {ABBF050F-7E9C-442B-B90F-35E0EF3EC12D}
	EndGlobalSection
EndGlobal
